
Microsoft Visual Studio Solution File, Format Version 12.00
# Visual Studio Version 16
VisualStudioVersion = 16.0.30330.147
MinimumVisualStudioVersion = 10.0.40219.1
Project("{FAE04EC0-301F-11D3-BF4B-00C04F79EFBC}") = "SumarB", "SumarB\SumarB.csproj", "{676AD532-968E-42B0-A516-6064C9C33A78}"
EndProject
Global
	GlobalSection(SolutionConfigurationPlatforms) = preSolution
		Debug|Any CPU = Debug|Any CPU
		Release|Any CPU = Release|Any CPU
	EndGlobalSection
	GlobalSection(ProjectConfigurationPlatforms) = postSolution
		{676AD532-968E-42B0-A516-6064C9C33A78}.Debug|Any CPU.ActiveCfg = Debug|Any CPU
		{676AD532-968E-42B0-A516-6064C9C33A78}.Debug|Any CPU.Build.0 = Debug|Any CPU
		{676AD532-968E-42B0-A516-6064C9C33A78}.Release|Any CPU.ActiveCfg = Release|Any CPU
		{676AD532-968E-42B0-A516-6064C9C33A78}.Release|Any CPU.Build.0 = Release|Any CPU
	EndGlobalSection
	GlobalSection(SolutionProperties) = preSolution
		HideSolutionNode = FALSE
	EndGlobalSection
	GlobalSection(ExtensibilityGlobals) = postSolution
		SolutionGuid = {F1D9776C-F1C7-41F6-A374-6E7D3CDE2BB8}
	EndGlobalSection
EndGlobal
